
Microsoft Visual Studio Solution File, Format Version 12.00
# Visual Studio 2013
VisualStudioVersion = 12.0.31101.0
MinimumVisualStudioVersion = 10.0.40219.1
Project("{FAE04EC0-301F-11D3-BF4B-00C04F79EFBC}") = "MvcAtm", "MvcAtm\MvcAtm.csproj", "{6EA7FF16-C7AD-4C8F-8638-ABDBFD7071E3}"
EndProject
Project("{FAE04EC0-301F-11D3-BF4B-00C04F79EFBC}") = "BusinessControllers", "BusinessControllers\BusinessControllers.csproj", "{A28B2FB3-678E-4C8A-82B5-2588EFF11730}"
EndProject
Project("{FAE04EC0-301F-11D3-BF4B-00C04F79EFBC}") = "DataProviders", "Data\DataProviders.csproj", "{A289D875-6627-43B0-80B7-13E6E0E629A5}"
EndProject
Project("{FAE04EC0-301F-11D3-BF4B-00C04F79EFBC}") = "CardTableFiller", "CardTableFiller\CardTableFiller.csproj", "{D8736C62-2F2B-4E75-9369-ABE44E4F4417}"
EndProject
Global
	GlobalSection(SolutionConfigurationPlatforms) = preSolution
		Debug|Any CPU = Debug|Any CPU
		Release|Any CPU = Release|Any CPU
	EndGlobalSection
	GlobalSection(ProjectConfigurationPlatforms) = postSolution
		{6EA7FF16-C7AD-4C8F-8638-ABDBFD7071E3}.Debug|Any CPU.ActiveCfg = Debug|Any CPU
		{6EA7FF16-C7AD-4C8F-8638-ABDBFD7071E3}.Debug|Any CPU.Build.0 = Debug|Any CPU
		{6EA7FF16-C7AD-4C8F-8638-ABDBFD7071E3}.Release|Any CPU.ActiveCfg = Release|Any CPU
		{6EA7FF16-C7AD-4C8F-8638-ABDBFD7071E3}.Release|Any CPU.Build.0 = Release|Any CPU
		{A28B2FB3-678E-4C8A-82B5-2588EFF11730}.Debug|Any CPU.ActiveCfg = Debug|Any CPU
		{A28B2FB3-678E-4C8A-82B5-2588EFF11730}.Debug|Any CPU.Build.0 = Debug|Any CPU
		{A28B2FB3-678E-4C8A-82B5-2588EFF11730}.Release|Any CPU.ActiveCfg = Release|Any CPU
		{A28B2FB3-678E-4C8A-82B5-2588EFF11730}.Release|Any CPU.Build.0 = Release|Any CPU
		{A289D875-6627-43B0-80B7-13E6E0E629A5}.Debug|Any CPU.ActiveCfg = Debug|Any CPU
		{A289D875-6627-43B0-80B7-13E6E0E629A5}.Debug|Any CPU.Build.0 = Debug|Any CPU
		{A289D875-6627-43B0-80B7-13E6E0E629A5}.Release|Any CPU.ActiveCfg = Release|Any CPU
		{A289D875-6627-43B0-80B7-13E6E0E629A5}.Release|Any CPU.Build.0 = Release|Any CPU
		{D8736C62-2F2B-4E75-9369-ABE44E4F4417}.Debug|Any CPU.ActiveCfg = Debug|Any CPU
		{D8736C62-2F2B-4E75-9369-ABE44E4F4417}.Debug|Any CPU.Build.0 = Debug|Any CPU
		{D8736C62-2F2B-4E75-9369-ABE44E4F4417}.Release|Any CPU.ActiveCfg = Release|Any CPU
		{D8736C62-2F2B-4E75-9369-ABE44E4F4417}.Release|Any CPU.Build.0 = Release|Any CPU
	EndGlobalSection
	GlobalSection(SolutionProperties) = preSolution
		HideSolutionNode = FALSE
	EndGlobalSection
EndGlobal
